
Microsoft Visual Studio Solution File, Format Version 12.00
# Visual Studio 15
VisualStudioVersion = 15.0.27428.2043
MinimumVisualStudioVersion = 10.0.40219.1
Project("{FAE04EC0-301F-11D3-BF4B-00C04F79EFBC}") = "TopDownShooterTest", "TopDownShooterTest\TopDownShooterTest.csproj", "{45787608-7C8E-4130-B0BD-B75641AECE62}"
EndProject
Global
	GlobalSection(SolutionConfigurationPlatforms) = preSolution
		Debug|Any CPU = Debug|Any CPU
		Release|Any CPU = Release|Any CPU
	EndGlobalSection
	GlobalSection(ProjectConfigurationPlatforms) = postSolution
		{45787608-7C8E-4130-B0BD-B75641AECE62}.Debug|Any CPU.ActiveCfg = Debug|Any CPU
		{45787608-7C8E-4130-B0BD-B75641AECE62}.Debug|Any CPU.Build.0 = Debug|Any CPU
		{45787608-7C8E-4130-B0BD-B75641AECE62}.Release|Any CPU.ActiveCfg = Release|Any CPU
		{45787608-7C8E-4130-B0BD-B75641AECE62}.Release|Any CPU.Build.0 = Release|Any CPU
	EndGlobalSection
	GlobalSection(SolutionProperties) = preSolution
		HideSolutionNode = FALSE
	EndGlobalSection
	GlobalSection(ExtensibilityGlobals) = postSolution
		SolutionGuid = {2F201F0B-5424-4989-A23B-2ECA9962037A}
	EndGlobalSection
EndGlobal
